
Microsoft Visual Studio Solution File, Format Version 12.00
# Visual Studio Version 16
VisualStudioVersion = 16.0.30011.22
MinimumVisualStudioVersion = 10.0.40219.1
Project("{9A19103F-16F7-4668-BE54-9A1E7A4F7556}") = "VirtualFileSystem.Domain", "VirtualFileSystem.Domain\VirtualFileSystem.Domain.csproj", "{CD6A353C-4DBF-4996-A84C-6A808381A0A1}"
EndProject
Project("{9A19103F-16F7-4668-BE54-9A1E7A4F7556}") = "VirtualFileSystem.Data", "VirtualFileSystem.Data\VirtualFileSystem.Data.csproj", "{43F1B3C2-6DCE-4E00-A9DC-14C0DA677B0F}"
EndProject
Project("{9A19103F-16F7-4668-BE54-9A1E7A4F7556}") = "ConsoleApp", "ConsoleApp\ConsoleApp.csproj", "{EE8FEFB6-5A71-4508-A629-E3A42CAA9CB4}"
EndProject
Global
	GlobalSection(SolutionConfigurationPlatforms) = preSolution
		Debug|Any CPU = Debug|Any CPU
		Release|Any CPU = Release|Any CPU
	EndGlobalSection
	GlobalSection(ProjectConfigurationPlatforms) = postSolution
		{CD6A353C-4DBF-4996-A84C-6A808381A0A1}.Debug|Any CPU.ActiveCfg = Debug|Any CPU
		{CD6A353C-4DBF-4996-A84C-6A808381A0A1}.Debug|Any CPU.Build.0 = Debug|Any CPU
		{CD6A353C-4DBF-4996-A84C-6A808381A0A1}.Release|Any CPU.ActiveCfg = Release|Any CPU
		{CD6A353C-4DBF-4996-A84C-6A808381A0A1}.Release|Any CPU.Build.0 = Release|Any CPU
		{43F1B3C2-6DCE-4E00-A9DC-14C0DA677B0F}.Debug|Any CPU.ActiveCfg = Debug|Any CPU
		{43F1B3C2-6DCE-4E00-A9DC-14C0DA677B0F}.Debug|Any CPU.Build.0 = Debug|Any CPU
		{43F1B3C2-6DCE-4E00-A9DC-14C0DA677B0F}.Release|Any CPU.ActiveCfg = Release|Any CPU
		{43F1B3C2-6DCE-4E00-A9DC-14C0DA677B0F}.Release|Any CPU.Build.0 = Release|Any CPU
		{EE8FEFB6-5A71-4508-A629-E3A42CAA9CB4}.Debug|Any CPU.ActiveCfg = Debug|Any CPU
		{EE8FEFB6-5A71-4508-A629-E3A42CAA9CB4}.Debug|Any CPU.Build.0 = Debug|Any CPU
		{EE8FEFB6-5A71-4508-A629-E3A42CAA9CB4}.Release|Any CPU.ActiveCfg = Release|Any CPU
		{EE8FEFB6-5A71-4508-A629-E3A42CAA9CB4}.Release|Any CPU.Build.0 = Release|Any CPU
	EndGlobalSection
	GlobalSection(SolutionProperties) = preSolution
		HideSolutionNode = FALSE
	EndGlobalSection
	GlobalSection(ExtensibilityGlobals) = postSolution
		SolutionGuid = {F5ABD7DD-C17C-4C75-BBB8-C204E250C6AE}
	EndGlobalSection
EndGlobal
